
Microsoft Visual Studio Solution File, Format Version 12.00
# Visual Studio Version 17
VisualStudioVersion = 17.9.34607.119
MinimumVisualStudioVersion = 10.0.40219.1
Project("{FAE04EC0-301F-11D3-BF4B-00C04F79EFBC}") = "TemaLab7", "TemaLab7\TemaLab7.csproj", "{10E595C0-2A02-4A49-812E-B747CB261EAA}"
EndProject
Global
	GlobalSection(SolutionConfigurationPlatforms) = preSolution
		Debug|Any CPU = Debug|Any CPU
		Release|Any CPU = Release|Any CPU
	EndGlobalSection
	GlobalSection(ProjectConfigurationPlatforms) = postSolution
		{10E595C0-2A02-4A49-812E-B747CB261EAA}.Debug|Any CPU.ActiveCfg = Debug|Any CPU
		{10E595C0-2A02-4A49-812E-B747CB261EAA}.Debug|Any CPU.Build.0 = Debug|Any CPU
		{10E595C0-2A02-4A49-812E-B747CB261EAA}.Release|Any CPU.ActiveCfg = Release|Any CPU
		{10E595C0-2A02-4A49-812E-B747CB261EAA}.Release|Any CPU.Build.0 = Release|Any CPU
	EndGlobalSection
	GlobalSection(SolutionProperties) = preSolution
		HideSolutionNode = FALSE
	EndGlobalSection
	GlobalSection(ExtensibilityGlobals) = postSolution
		SolutionGuid = {D951D343-45B8-41DC-A09D-2E199F717075}
	EndGlobalSection
EndGlobal
